
Microsoft Visual Studio Solution File, Format Version 12.00
# Visual Studio Version 17
VisualStudioVersion = 17.1.32421.90
MinimumVisualStudioVersion = 10.0.40219.1
Project("{FAE04EC0-301F-11D3-BF4B-00C04F79EFBC}") = "TweetBroadcaster", "TweetBroadcaster\TweetBroadcaster.csproj", "{41621226-5828-4B46-A8E6-59BB1B9EBA39}"
EndProject
Global
	GlobalSection(SolutionConfigurationPlatforms) = preSolution
		Debug|Any CPU = Debug|Any CPU
		Release|Any CPU = Release|Any CPU
	EndGlobalSection
	GlobalSection(ProjectConfigurationPlatforms) = postSolution
		{41621226-5828-4B46-A8E6-59BB1B9EBA39}.Debug|Any CPU.ActiveCfg = Debug|Any CPU
		{41621226-5828-4B46-A8E6-59BB1B9EBA39}.Debug|Any CPU.Build.0 = Debug|Any CPU
		{41621226-5828-4B46-A8E6-59BB1B9EBA39}.Release|Any CPU.ActiveCfg = Release|Any CPU
		{41621226-5828-4B46-A8E6-59BB1B9EBA39}.Release|Any CPU.Build.0 = Release|Any CPU
	EndGlobalSection
	GlobalSection(SolutionProperties) = preSolution
		HideSolutionNode = FALSE
	EndGlobalSection
	GlobalSection(ExtensibilityGlobals) = postSolution
		SolutionGuid = {852165B3-254D-439F-A1E0-41F4CCF8D2F4}
	EndGlobalSection
EndGlobal
